
Microsoft Visual Studio Solution File, Format Version 12.00
# Visual Studio 15
VisualStudioVersion = 15.0.28307.779
MinimumVisualStudioVersion = 10.0.40219.1
Project("{FAE04EC0-301F-11D3-BF4B-00C04F79EFBC}") = "kalkulatormilion", "kalkulatormilion\kalkulatormilion.csproj", "{DA4518C8-5663-4068-B754-0E08F6943E46}"
EndProject
Global
	GlobalSection(SolutionConfigurationPlatforms) = preSolution
		Debug|Any CPU = Debug|Any CPU
		Release|Any CPU = Release|Any CPU
	EndGlobalSection
	GlobalSection(ProjectConfigurationPlatforms) = postSolution
		{DA4518C8-5663-4068-B754-0E08F6943E46}.Debug|Any CPU.ActiveCfg = Debug|Any CPU
		{DA4518C8-5663-4068-B754-0E08F6943E46}.Debug|Any CPU.Build.0 = Debug|Any CPU
		{DA4518C8-5663-4068-B754-0E08F6943E46}.Release|Any CPU.ActiveCfg = Release|Any CPU
		{DA4518C8-5663-4068-B754-0E08F6943E46}.Release|Any CPU.Build.0 = Release|Any CPU
	EndGlobalSection
	GlobalSection(SolutionProperties) = preSolution
		HideSolutionNode = FALSE
	EndGlobalSection
	GlobalSection(ExtensibilityGlobals) = postSolution
		SolutionGuid = {225B04ED-34AE-44FC-9A0C-2BBA34A9C0BD}
	EndGlobalSection
EndGlobal
